
Microsoft Visual Studio Solution File, Format Version 12.00
# Visual Studio Version 17
VisualStudioVersion = 17.5.002.0
MinimumVisualStudioVersion = 10.0.40219.1
Project("{9A19103F-16F7-4668-BE54-9A1E7A4F7556}") = "FormB", "FormB.csproj", "{07399AE7-60A4-48AF-814E-284EC4174037}"
EndProject
Global
	GlobalSection(SolutionConfigurationPlatforms) = preSolution
		Debug|Any CPU = Debug|Any CPU
		Release|Any CPU = Release|Any CPU
	EndGlobalSection
	GlobalSection(ProjectConfigurationPlatforms) = postSolution
		{07399AE7-60A4-48AF-814E-284EC4174037}.Debug|Any CPU.ActiveCfg = Debug|Any CPU
		{07399AE7-60A4-48AF-814E-284EC4174037}.Debug|Any CPU.Build.0 = Debug|Any CPU
		{07399AE7-60A4-48AF-814E-284EC4174037}.Release|Any CPU.ActiveCfg = Release|Any CPU
		{07399AE7-60A4-48AF-814E-284EC4174037}.Release|Any CPU.Build.0 = Release|Any CPU
	EndGlobalSection
	GlobalSection(SolutionProperties) = preSolution
		HideSolutionNode = FALSE
	EndGlobalSection
	GlobalSection(ExtensibilityGlobals) = postSolution
		SolutionGuid = {654E0AB9-F02D-4558-9708-D7470D2E2884}
	EndGlobalSection
EndGlobal
